
Microsoft Visual Studio Solution File, Format Version 12.00
# Visual Studio Version 16
VisualStudioVersion = 16.0.31112.23
MinimumVisualStudioVersion = 10.0.40219.1
Project("{9A19103F-16F7-4668-BE54-9A1E7A4F7556}") = "Pmat-PI", "Pmat-PI\Pmat-PI.csproj", "{BDC64B45-2180-4405-8A50-AAF38989C39B}"
EndProject
Global
	GlobalSection(SolutionConfigurationPlatforms) = preSolution
		Debug|Any CPU = Debug|Any CPU
		Release|Any CPU = Release|Any CPU
	EndGlobalSection
	GlobalSection(ProjectConfigurationPlatforms) = postSolution
		{BDC64B45-2180-4405-8A50-AAF38989C39B}.Debug|Any CPU.ActiveCfg = Debug|Any CPU
		{BDC64B45-2180-4405-8A50-AAF38989C39B}.Debug|Any CPU.Build.0 = Debug|Any CPU
		{BDC64B45-2180-4405-8A50-AAF38989C39B}.Release|Any CPU.ActiveCfg = Release|Any CPU
		{BDC64B45-2180-4405-8A50-AAF38989C39B}.Release|Any CPU.Build.0 = Release|Any CPU
	EndGlobalSection
	GlobalSection(SolutionProperties) = preSolution
		HideSolutionNode = FALSE
	EndGlobalSection
	GlobalSection(ExtensibilityGlobals) = postSolution
		SolutionGuid = {F69398D9-C4B7-4109-9AA3-46D7B8FBBF7D}
	EndGlobalSection
EndGlobal
